
Microsoft Visual Studio Solution File, Format Version 12.00
# Visual Studio Version 16
VisualStudioVersion = 16.0.30523.141
MinimumVisualStudioVersion = 10.0.40219.1
Project("{FAE04EC0-301F-11D3-BF4B-00C04F79EFBC}") = "WordCounterApp", "src\app\WordCounterApp\WordCounterApp.csproj", "{17DAEF32-C17F-43EF-B051-967507A3803B}"
EndProject
Project("{FAE04EC0-301F-11D3-BF4B-00C04F79EFBC}") = "WordCounterApi", "src\app\WordCounterApi\WordCounterApi.csproj", "{39F79F97-9C6F-45B9-BD12-C0C2DCFB1728}"
EndProject
Project("{FAE04EC0-301F-11D3-BF4B-00C04F79EFBC}") = "WordCounterApi.Tests", "src\tests\WordCounterApi.Tests\WordCounterApi.Tests.csproj", "{D39218BA-04E5-47F4-B6AC-955EEFA239E7}"
EndProject
Global
	GlobalSection(SolutionConfigurationPlatforms) = preSolution
		Debug|Any CPU = Debug|Any CPU
		Release|Any CPU = Release|Any CPU
	EndGlobalSection
	GlobalSection(ProjectConfigurationPlatforms) = postSolution
		{17DAEF32-C17F-43EF-B051-967507A3803B}.Debug|Any CPU.ActiveCfg = Debug|Any CPU
		{17DAEF32-C17F-43EF-B051-967507A3803B}.Debug|Any CPU.Build.0 = Debug|Any CPU
		{17DAEF32-C17F-43EF-B051-967507A3803B}.Release|Any CPU.ActiveCfg = Release|Any CPU
		{17DAEF32-C17F-43EF-B051-967507A3803B}.Release|Any CPU.Build.0 = Release|Any CPU
		{39F79F97-9C6F-45B9-BD12-C0C2DCFB1728}.Debug|Any CPU.ActiveCfg = Debug|Any CPU
		{39F79F97-9C6F-45B9-BD12-C0C2DCFB1728}.Debug|Any CPU.Build.0 = Debug|Any CPU
		{39F79F97-9C6F-45B9-BD12-C0C2DCFB1728}.Release|Any CPU.ActiveCfg = Release|Any CPU
		{39F79F97-9C6F-45B9-BD12-C0C2DCFB1728}.Release|Any CPU.Build.0 = Release|Any CPU
		{D39218BA-04E5-47F4-B6AC-955EEFA239E7}.Debug|Any CPU.ActiveCfg = Debug|Any CPU
		{D39218BA-04E5-47F4-B6AC-955EEFA239E7}.Debug|Any CPU.Build.0 = Debug|Any CPU
		{D39218BA-04E5-47F4-B6AC-955EEFA239E7}.Release|Any CPU.ActiveCfg = Release|Any CPU
		{D39218BA-04E5-47F4-B6AC-955EEFA239E7}.Release|Any CPU.Build.0 = Release|Any CPU
	EndGlobalSection
	GlobalSection(SolutionProperties) = preSolution
		HideSolutionNode = FALSE
	EndGlobalSection
	GlobalSection(ExtensibilityGlobals) = postSolution
		SolutionGuid = {A8A08C63-5DE3-405B-A5D2-74D0708E94D2}
	EndGlobalSection
EndGlobal
